
Microsoft Visual Studio Solution File, Format Version 12.00
# Visual Studio 15
VisualStudioVersion = 15.0.26430.16
MinimumVisualStudioVersion = 10.0.40219.1
Project("{FAE04EC0-301F-11D3-BF4B-00C04F79EFBC}") = "StorySite", "StorySite\StorySite.csproj", "{EA16C2D4-B68D-454E-A2CC-CCD69C51A4D7}"
EndProject
Project("{FAE04EC0-301F-11D3-BF4B-00C04F79EFBC}") = "StorySite.Tests", "StorySite.Tests\StorySite.Tests.csproj", "{A036F425-E324-4A19-93EE-0992092B4E15}"
EndProject
Project("{FAE04EC0-301F-11D3-BF4B-00C04F79EFBC}") = "StorySite.Data", "StorySite.Data\StorySite.Data.csproj", "{2EBC2B14-E5E2-4A20-A8C2-21C3A4C4C4F2}"
EndProject
Project("{FAE04EC0-301F-11D3-BF4B-00C04F79EFBC}") = "StorySite.Laibrary", "StorySite.Laibrary\StorySite.Laibrary.csproj", "{5732062B-35D8-4CF2-A68B-4B4D7408E535}"
EndProject
Global
	GlobalSection(SolutionConfigurationPlatforms) = preSolution
		Debug|Any CPU = Debug|Any CPU
		Release|Any CPU = Release|Any CPU
	EndGlobalSection
	GlobalSection(ProjectConfigurationPlatforms) = postSolution
		{EA16C2D4-B68D-454E-A2CC-CCD69C51A4D7}.Debug|Any CPU.ActiveCfg = Debug|Any CPU
		{EA16C2D4-B68D-454E-A2CC-CCD69C51A4D7}.Debug|Any CPU.Build.0 = Debug|Any CPU
		{EA16C2D4-B68D-454E-A2CC-CCD69C51A4D7}.Release|Any CPU.ActiveCfg = Release|Any CPU
		{EA16C2D4-B68D-454E-A2CC-CCD69C51A4D7}.Release|Any CPU.Build.0 = Release|Any CPU
		{A036F425-E324-4A19-93EE-0992092B4E15}.Debug|Any CPU.ActiveCfg = Debug|Any CPU
		{A036F425-E324-4A19-93EE-0992092B4E15}.Debug|Any CPU.Build.0 = Debug|Any CPU
		{A036F425-E324-4A19-93EE-0992092B4E15}.Release|Any CPU.ActiveCfg = Release|Any CPU
		{A036F425-E324-4A19-93EE-0992092B4E15}.Release|Any CPU.Build.0 = Release|Any CPU
		{2EBC2B14-E5E2-4A20-A8C2-21C3A4C4C4F2}.Debug|Any CPU.ActiveCfg = Debug|Any CPU
		{2EBC2B14-E5E2-4A20-A8C2-21C3A4C4C4F2}.Debug|Any CPU.Build.0 = Debug|Any CPU
		{2EBC2B14-E5E2-4A20-A8C2-21C3A4C4C4F2}.Release|Any CPU.ActiveCfg = Release|Any CPU
		{2EBC2B14-E5E2-4A20-A8C2-21C3A4C4C4F2}.Release|Any CPU.Build.0 = Release|Any CPU
		{5732062B-35D8-4CF2-A68B-4B4D7408E535}.Debug|Any CPU.ActiveCfg = Debug|Any CPU
		{5732062B-35D8-4CF2-A68B-4B4D7408E535}.Debug|Any CPU.Build.0 = Debug|Any CPU
		{5732062B-35D8-4CF2-A68B-4B4D7408E535}.Release|Any CPU.ActiveCfg = Release|Any CPU
		{5732062B-35D8-4CF2-A68B-4B4D7408E535}.Release|Any CPU.Build.0 = Release|Any CPU
	EndGlobalSection
	GlobalSection(SolutionProperties) = preSolution
		HideSolutionNode = FALSE
	EndGlobalSection
EndGlobal
